
Microsoft Visual Studio Solution File, Format Version 12.00
# Visual Studio Version 17
VisualStudioVersion = 17.4.33205.214
MinimumVisualStudioVersion = 10.0.40219.1
Project("{2150E333-8FDC-42A3-9474-1A3956D46DE8}") = "src", "src", "{DC9F1DB1-04BF-46F2-B469-400EF4FA810E}"
EndProject
Project("{2150E333-8FDC-42A3-9474-1A3956D46DE8}") = "test", "test", "{80366DA6-4E68-4135-9942-A61BFB8DA87B}"
EndProject
Project("{2150E333-8FDC-42A3-9474-1A3956D46DE8}") = "Core", "Core", "{AAE4139A-CF86-4B3B-B55C-CD7360A3DB03}"
EndProject
Project("{2150E333-8FDC-42A3-9474-1A3956D46DE8}") = "External", "External", "{AEB314C6-6E19-4F89-9614-9ABF81D56108}"
EndProject
Project("{9A19103F-16F7-4668-BE54-9A1E7A4F7556}") = "OnlineMuhasebeServer.Application", "OnlineMuhasebeServer.Application\OnlineMuhasebeServer.Application.csproj", "{83A51A9C-EEAE-4B1E-853F-078B6784DE90}"
EndProject
Project("{9A19103F-16F7-4668-BE54-9A1E7A4F7556}") = "OnlineMuhasebeServer.Domain", "OnlineMuhasebeServer.Domain\OnlineMuhasebeServer.Domain.csproj", "{3055A7F0-D54C-46BF-8163-294218A49050}"
EndProject
Project("{9A19103F-16F7-4668-BE54-9A1E7A4F7556}") = "OnlineMuhasebeServer.Infrasturcture", "OnlineMuhasebeServer.Infrasturcture\OnlineMuhasebeServer.Infrasturcture.csproj", "{27562C8A-BF16-4FF8-9374-42C99ABD889F}"
EndProject
Project("{9A19103F-16F7-4668-BE54-9A1E7A4F7556}") = "OnlineMuhasebeServer.Persistance", "OnlineMuhasebeServer.Persistance\OnlineMuhasebeServer.Persistance.csproj", "{89BFAE6D-C808-4897-AE7F-97F63919720A}"
EndProject
Project("{9A19103F-16F7-4668-BE54-9A1E7A4F7556}") = "OnlineMuhasebeServer.Presentation", "OnlineMuhasebeServer.Presentation\OnlineMuhasebeServer.Presentation.csproj", "{FC62A9C2-3247-4BE6-8FD1-37509806DE7B}"
EndProject
Project("{9A19103F-16F7-4668-BE54-9A1E7A4F7556}") = "OnlineMuhasebeServer.WebApi", "OnlineMuhasebeServer.WebApi\OnlineMuhasebeServer.WebApi.csproj", "{88FE9479-4132-427F-8E7B-810AD98847AE}"
EndProject
Project("{9A19103F-16F7-4668-BE54-9A1E7A4F7556}") = "OnlineMuhasebeServer.UnitTest", "OnlineMuhasebeServer.UnitTest\OnlineMuhasebeServer.UnitTest.csproj", "{97918313-4C42-4890-A32F-EECFAF76E3D6}"
EndProject
Project("{FAE04EC0-301F-11D3-BF4B-00C04F79EFBC}") = "OnlineMuhasebeServer.RabbitMQ", "OnlineMuhasebeServer.RabbitMQ\OnlineMuhasebeServer.RabbitMQ.csproj", "{33EF2054-1967-4A45-AE9A-E28ACE03F396}"
EndProject
Global
	GlobalSection(SolutionConfigurationPlatforms) = preSolution
		Debug|Any CPU = Debug|Any CPU
		Release|Any CPU = Release|Any CPU
	EndGlobalSection
	GlobalSection(ProjectConfigurationPlatforms) = postSolution
		{83A51A9C-EEAE-4B1E-853F-078B6784DE90}.Debug|Any CPU.ActiveCfg = Debug|Any CPU
		{83A51A9C-EEAE-4B1E-853F-078B6784DE90}.Debug|Any CPU.Build.0 = Debug|Any CPU
		{83A51A9C-EEAE-4B1E-853F-078B6784DE90}.Release|Any CPU.ActiveCfg = Release|Any CPU
		{83A51A9C-EEAE-4B1E-853F-078B6784DE90}.Release|Any CPU.Build.0 = Release|Any CPU
		{3055A7F0-D54C-46BF-8163-294218A49050}.Debug|Any CPU.ActiveCfg = Debug|Any CPU
		{3055A7F0-D54C-46BF-8163-294218A49050}.Debug|Any CPU.Build.0 = Debug|Any CPU
		{3055A7F0-D54C-46BF-8163-294218A49050}.Release|Any CPU.ActiveCfg = Release|Any CPU
		{3055A7F0-D54C-46BF-8163-294218A49050}.Release|Any CPU.Build.0 = Release|Any CPU
		{27562C8A-BF16-4FF8-9374-42C99ABD889F}.Debug|Any CPU.ActiveCfg = Debug|Any CPU
		{27562C8A-BF16-4FF8-9374-42C99ABD889F}.Debug|Any CPU.Build.0 = Debug|Any CPU
		{27562C8A-BF16-4FF8-9374-42C99ABD889F}.Release|Any CPU.ActiveCfg = Release|Any CPU
		{27562C8A-BF16-4FF8-9374-42C99ABD889F}.Release|Any CPU.Build.0 = Release|Any CPU
		{89BFAE6D-C808-4897-AE7F-97F63919720A}.Debug|Any CPU.ActiveCfg = Debug|Any CPU
		{89BFAE6D-C808-4897-AE7F-97F63919720A}.Debug|Any CPU.Build.0 = Debug|Any CPU
		{89BFAE6D-C808-4897-AE7F-97F63919720A}.Release|Any CPU.ActiveCfg = Release|Any CPU
		{89BFAE6D-C808-4897-AE7F-97F63919720A}.Release|Any CPU.Build.0 = Release|Any CPU
		{FC62A9C2-3247-4BE6-8FD1-37509806DE7B}.Debug|Any CPU.ActiveCfg = Debug|Any CPU
		{FC62A9C2-3247-4BE6-8FD1-37509806DE7B}.Debug|Any CPU.Build.0 = Debug|Any CPU
		{FC62A9C2-3247-4BE6-8FD1-37509806DE7B}.Release|Any CPU.ActiveCfg = Release|Any CPU
		{FC62A9C2-3247-4BE6-8FD1-37509806DE7B}.Release|Any CPU.Build.0 = Release|Any CPU
		{88FE9479-4132-427F-8E7B-810AD98847AE}.Debug|Any CPU.ActiveCfg = Debug|Any CPU
		{88FE9479-4132-427F-8E7B-810AD98847AE}.Debug|Any CPU.Build.0 = Debug|Any CPU
		{88FE9479-4132-427F-8E7B-810AD98847AE}.Release|Any CPU.ActiveCfg = Release|Any CPU
		{88FE9479-4132-427F-8E7B-810AD98847AE}.Release|Any CPU.Build.0 = Release|Any CPU
		{97918313-4C42-4890-A32F-EECFAF76E3D6}.Debug|Any CPU.ActiveCfg = Debug|Any CPU
		{97918313-4C42-4890-A32F-EECFAF76E3D6}.Debug|Any CPU.Build.0 = Debug|Any CPU
		{97918313-4C42-4890-A32F-EECFAF76E3D6}.Release|Any CPU.ActiveCfg = Release|Any CPU
		{97918313-4C42-4890-A32F-EECFAF76E3D6}.Release|Any CPU.Build.0 = Release|Any CPU
		{33EF2054-1967-4A45-AE9A-E28ACE03F396}.Debug|Any CPU.ActiveCfg = Debug|Any CPU
		{33EF2054-1967-4A45-AE9A-E28ACE03F396}.Debug|Any CPU.Build.0 = Debug|Any CPU
		{33EF2054-1967-4A45-AE9A-E28ACE03F396}.Release|Any CPU.ActiveCfg = Release|Any CPU
		{33EF2054-1967-4A45-AE9A-E28ACE03F396}.Release|Any CPU.Build.0 = Release|Any CPU
	EndGlobalSection
	GlobalSection(SolutionProperties) = preSolution
		HideSolutionNode = FALSE
	EndGlobalSection
	GlobalSection(NestedProjects) = preSolution
		{AAE4139A-CF86-4B3B-B55C-CD7360A3DB03} = {DC9F1DB1-04BF-46F2-B469-400EF4FA810E}
		{AEB314C6-6E19-4F89-9614-9ABF81D56108} = {DC9F1DB1-04BF-46F2-B469-400EF4FA810E}
		{83A51A9C-EEAE-4B1E-853F-078B6784DE90} = {AAE4139A-CF86-4B3B-B55C-CD7360A3DB03}
		{3055A7F0-D54C-46BF-8163-294218A49050} = {AAE4139A-CF86-4B3B-B55C-CD7360A3DB03}
		{27562C8A-BF16-4FF8-9374-42C99ABD889F} = {AEB314C6-6E19-4F89-9614-9ABF81D56108}
		{89BFAE6D-C808-4897-AE7F-97F63919720A} = {AEB314C6-6E19-4F89-9614-9ABF81D56108}
		{FC62A9C2-3247-4BE6-8FD1-37509806DE7B} = {AEB314C6-6E19-4F89-9614-9ABF81D56108}
		{88FE9479-4132-427F-8E7B-810AD98847AE} = {DC9F1DB1-04BF-46F2-B469-400EF4FA810E}
		{97918313-4C42-4890-A32F-EECFAF76E3D6} = {80366DA6-4E68-4135-9942-A61BFB8DA87B}
		{33EF2054-1967-4A45-AE9A-E28ACE03F396} = {DC9F1DB1-04BF-46F2-B469-400EF4FA810E}
	EndGlobalSection
	GlobalSection(ExtensibilityGlobals) = postSolution
		SolutionGuid = {2D83C16E-2901-453B-8751-DE51A4C8DE43}
	EndGlobalSection
EndGlobal
